dependencies:
- name: minio
  repository: https://charts.min.io/
  version: 4.1.0
- name: grafana-agent-operator
  repository: https://grafana.github.io/helm-charts
  version: 0.2.16
digest: sha256:7cf0618dcd8aa886bea0d2fdc3d1e055f2d482c2e6f71f65988d99a7b8083d08
generated: "2023-06-21T00:00:27.411115016Z"
